
Microsoft Visual Studio Solution File, Format Version 12.00
# Visual Studio Version 16
VisualStudioVersion = 16.0.31321.278
MinimumVisualStudioVersion = 10.0.40219.1
Project("{9A19103F-16F7-4668-BE54-9A1E7A4F7556}") = "VideoApi", "VideoApi\VideoApi.csproj", "{D6BECFB2-35EE-4135-BE7E-C8D3A1A48EBA}"
EndProject
Project("{FAE04EC0-301F-11D3-BF4B-00C04F79EFBC}") = "Model", "Model\Model.csproj", "{1CA6D01A-5DF2-41A9-8772-3739BE2C427C}"
EndProject
Global
	GlobalSection(SolutionConfigurationPlatforms) = preSolution
		Debug|Any CPU = Debug|Any CPU
		Release|Any CPU = Release|Any CPU
	EndGlobalSection
	GlobalSection(ProjectConfigurationPlatforms) = postSolution
		{D6BECFB2-35EE-4135-BE7E-C8D3A1A48EBA}.Debug|Any CPU.ActiveCfg = Debug|Any CPU
		{D6BECFB2-35EE-4135-BE7E-C8D3A1A48EBA}.Debug|Any CPU.Build.0 = Debug|Any CPU
		{D6BECFB2-35EE-4135-BE7E-C8D3A1A48EBA}.Release|Any CPU.ActiveCfg = Release|Any CPU
		{D6BECFB2-35EE-4135-BE7E-C8D3A1A48EBA}.Release|Any CPU.Build.0 = Release|Any CPU
		{1CA6D01A-5DF2-41A9-8772-3739BE2C427C}.Debug|Any CPU.ActiveCfg = Debug|Any CPU
		{1CA6D01A-5DF2-41A9-8772-3739BE2C427C}.Debug|Any CPU.Build.0 = Debug|Any CPU
		{1CA6D01A-5DF2-41A9-8772-3739BE2C427C}.Release|Any CPU.ActiveCfg = Release|Any CPU
		{1CA6D01A-5DF2-41A9-8772-3739BE2C427C}.Release|Any CPU.Build.0 = Release|Any CPU
	EndGlobalSection
	GlobalSection(SolutionProperties) = preSolution
		HideSolutionNode = FALSE
	EndGlobalSection
	GlobalSection(ExtensibilityGlobals) = postSolution
		SolutionGuid = {E2B7930F-A492-4F7C-BE71-EE9424B3B2B2}
	EndGlobalSection
EndGlobal
